
Microsoft Visual Studio Solution File, Format Version 12.00
# Visual Studio Version 17
VisualStudioVersion = 17.8.34601.278
MinimumVisualStudioVersion = 10.0.40219.1
Project("{9A19103F-16F7-4668-BE54-9A1E7A4F7556}") = "PCC", "PCC.csproj", "{41E0E9C2-EB61-4248-ADE5-39FFF83E5FAB}"
EndProject
Project("{9A19103F-16F7-4668-BE54-9A1E7A4F7556}") = "PCCTester", "..\PCCTester\PCCTester.csproj", "{0D7F0BFE-E2C6-44A4-85D9-6E4D4933CD30}"
EndProject
Project("{9A19103F-16F7-4668-BE54-9A1E7A4F7556}") = "SyntheticHumans", "..\SyntheticHumans\SyntheticHumans.csproj", "{EE78ECDA-DF60-4BFD-9304-12DC5F35FC3C}"
EndProject
Project("{FAE04EC0-301F-11D3-BF4B-00C04F79EFBC}") = "LibSVMsharp", "..\LibSVMsharp\LibSVMsharp\LibSVMsharp.csproj", "{AC04337C-E542-4BE9-8DBD-5B44535299E2}"
EndProject
Project("{2150E333-8FDC-42A3-9474-1A3956D46DE8}") = "Examples", "Examples", "{B7C949C2-345F-404F-BD38-4F2C0519A5F2}"
EndProject
Project("{FAE04EC0-301F-11D3-BF4B-00C04F79EFBC}") = "LibSVMsharp.Examples.Classification", "..\LibSVMsharp\LibSVMsharp.Examples.Classification\LibSVMsharp.Examples.Classification.csproj", "{40F859AD-241A-4379-831C-8FB69BE6A8B1}"
EndProject
Project("{FAE04EC0-301F-11D3-BF4B-00C04F79EFBC}") = "LibSVMsharp.Examples.RapidPrediction", "..\LibSVMsharp\LibSVMsharp.Examples.RapidPrediction\LibSVMsharp.Examples.RapidPrediction.csproj", "{FFDF7EA5-53DA-4DF7-9DD8-E4E7DE2B5AB6}"
EndProject
Project("{FAE04EC0-301F-11D3-BF4B-00C04F79EFBC}") = "LibSVMSharp.Tests", "..\LibSVMsharp\LibSVMSharp.Tests\LibSVMSharp.Tests.csproj", "{2DE0BD3C-C37B-4B23-9533-2F91C1DD15C3}"
EndProject
Global
	GlobalSection(SolutionConfigurationPlatforms) = preSolution
		Debug|Any CPU = Debug|Any CPU
		Debug|x64 = Debug|x64
		Release|Any CPU = Release|Any CPU
		Release|x64 = Release|x64
	EndGlobalSection
	GlobalSection(ProjectConfigurationPlatforms) = postSolution
		{41E0E9C2-EB61-4248-ADE5-39FFF83E5FAB}.Debug|Any CPU.ActiveCfg = Debug|Any CPU
		{41E0E9C2-EB61-4248-ADE5-39FFF83E5FAB}.Debug|Any CPU.Build.0 = Debug|Any CPU
		{41E0E9C2-EB61-4248-ADE5-39FFF83E5FAB}.Debug|x64.ActiveCfg = Debug|x64
		{41E0E9C2-EB61-4248-ADE5-39FFF83E5FAB}.Debug|x64.Build.0 = Debug|x64
		{41E0E9C2-EB61-4248-ADE5-39FFF83E5FAB}.Release|Any CPU.ActiveCfg = Release|Any CPU
		{41E0E9C2-EB61-4248-ADE5-39FFF83E5FAB}.Release|Any CPU.Build.0 = Release|Any CPU
		{41E0E9C2-EB61-4248-ADE5-39FFF83E5FAB}.Release|x64.ActiveCfg = Release|x64
		{41E0E9C2-EB61-4248-ADE5-39FFF83E5FAB}.Release|x64.Build.0 = Release|x64
		{0D7F0BFE-E2C6-44A4-85D9-6E4D4933CD30}.Debug|Any CPU.ActiveCfg = Debug|Any CPU
		{0D7F0BFE-E2C6-44A4-85D9-6E4D4933CD30}.Debug|Any CPU.Build.0 = Debug|Any CPU
		{0D7F0BFE-E2C6-44A4-85D9-6E4D4933CD30}.Debug|x64.ActiveCfg = Debug|x64
		{0D7F0BFE-E2C6-44A4-85D9-6E4D4933CD30}.Debug|x64.Build.0 = Debug|x64
		{0D7F0BFE-E2C6-44A4-85D9-6E4D4933CD30}.Release|Any CPU.ActiveCfg = Release|Any CPU
		{0D7F0BFE-E2C6-44A4-85D9-6E4D4933CD30}.Release|Any CPU.Build.0 = Release|Any CPU
		{0D7F0BFE-E2C6-44A4-85D9-6E4D4933CD30}.Release|x64.ActiveCfg = Release|x64
		{0D7F0BFE-E2C6-44A4-85D9-6E4D4933CD30}.Release|x64.Build.0 = Release|x64
		{EE78ECDA-DF60-4BFD-9304-12DC5F35FC3C}.Debug|Any CPU.ActiveCfg = Debug|Any CPU
		{EE78ECDA-DF60-4BFD-9304-12DC5F35FC3C}.Debug|Any CPU.Build.0 = Debug|Any CPU
		{EE78ECDA-DF60-4BFD-9304-12DC5F35FC3C}.Debug|x64.ActiveCfg = Debug|x64
		{EE78ECDA-DF60-4BFD-9304-12DC5F35FC3C}.Debug|x64.Build.0 = Debug|x64
		{EE78ECDA-DF60-4BFD-9304-12DC5F35FC3C}.Release|Any CPU.ActiveCfg = Release|Any CPU
		{EE78ECDA-DF60-4BFD-9304-12DC5F35FC3C}.Release|Any CPU.Build.0 = Release|Any CPU
		{EE78ECDA-DF60-4BFD-9304-12DC5F35FC3C}.Release|x64.ActiveCfg = Release|x64
		{EE78ECDA-DF60-4BFD-9304-12DC5F35FC3C}.Release|x64.Build.0 = Release|x64
		{AC04337C-E542-4BE9-8DBD-5B44535299E2}.Debug|Any CPU.ActiveCfg = Debug|Any CPU
		{AC04337C-E542-4BE9-8DBD-5B44535299E2}.Debug|Any CPU.Build.0 = Debug|Any CPU
		{AC04337C-E542-4BE9-8DBD-5B44535299E2}.Debug|x64.ActiveCfg = Debug|x64
		{AC04337C-E542-4BE9-8DBD-5B44535299E2}.Debug|x64.Build.0 = Debug|x64
		{AC04337C-E542-4BE9-8DBD-5B44535299E2}.Release|Any CPU.ActiveCfg = Release|Any CPU
		{AC04337C-E542-4BE9-8DBD-5B44535299E2}.Release|Any CPU.Build.0 = Release|Any CPU
		{AC04337C-E542-4BE9-8DBD-5B44535299E2}.Release|x64.ActiveCfg = Release|x64
		{AC04337C-E542-4BE9-8DBD-5B44535299E2}.Release|x64.Build.0 = Release|x64
		{40F859AD-241A-4379-831C-8FB69BE6A8B1}.Debug|Any CPU.ActiveCfg = Debug|Any CPU
		{40F859AD-241A-4379-831C-8FB69BE6A8B1}.Debug|Any CPU.Build.0 = Debug|Any CPU
		{40F859AD-241A-4379-831C-8FB69BE6A8B1}.Debug|x64.ActiveCfg = Debug|x64
		{40F859AD-241A-4379-831C-8FB69BE6A8B1}.Debug|x64.Build.0 = Debug|x64
		{40F859AD-241A-4379-831C-8FB69BE6A8B1}.Release|Any CPU.ActiveCfg = Release|Any CPU
		{40F859AD-241A-4379-831C-8FB69BE6A8B1}.Release|Any CPU.Build.0 = Release|Any CPU
		{40F859AD-241A-4379-831C-8FB69BE6A8B1}.Release|x64.ActiveCfg = Release|x64
		{40F859AD-241A-4379-831C-8FB69BE6A8B1}.Release|x64.Build.0 = Release|x64
		{FFDF7EA5-53DA-4DF7-9DD8-E4E7DE2B5AB6}.Debug|Any CPU.ActiveCfg = Debug|Any CPU
		{FFDF7EA5-53DA-4DF7-9DD8-E4E7DE2B5AB6}.Debug|Any CPU.Build.0 = Debug|Any CPU
		{FFDF7EA5-53DA-4DF7-9DD8-E4E7DE2B5AB6}.Debug|x64.ActiveCfg = Debug|x64
		{FFDF7EA5-53DA-4DF7-9DD8-E4E7DE2B5AB6}.Debug|x64.Build.0 = Debug|x64
		{FFDF7EA5-53DA-4DF7-9DD8-E4E7DE2B5AB6}.Release|Any CPU.ActiveCfg = Release|Any CPU
		{FFDF7EA5-53DA-4DF7-9DD8-E4E7DE2B5AB6}.Release|Any CPU.Build.0 = Release|Any CPU
		{FFDF7EA5-53DA-4DF7-9DD8-E4E7DE2B5AB6}.Release|x64.ActiveCfg = Release|x64
		{FFDF7EA5-53DA-4DF7-9DD8-E4E7DE2B5AB6}.Release|x64.Build.0 = Release|x64
		{2DE0BD3C-C37B-4B23-9533-2F91C1DD15C3}.Debug|Any CPU.ActiveCfg = Debug|Any CPU
		{2DE0BD3C-C37B-4B23-9533-2F91C1DD15C3}.Debug|Any CPU.Build.0 = Debug|Any CPU
		{2DE0BD3C-C37B-4B23-9533-2F91C1DD15C3}.Debug|x64.ActiveCfg = Debug|x64
		{2DE0BD3C-C37B-4B23-9533-2F91C1DD15C3}.Debug|x64.Build.0 = Debug|x64
		{2DE0BD3C-C37B-4B23-9533-2F91C1DD15C3}.Release|Any CPU.ActiveCfg = Release|Any CPU
		{2DE0BD3C-C37B-4B23-9533-2F91C1DD15C3}.Release|Any CPU.Build.0 = Release|Any CPU
		{2DE0BD3C-C37B-4B23-9533-2F91C1DD15C3}.Release|x64.ActiveCfg = Release|x64
		{2DE0BD3C-C37B-4B23-9533-2F91C1DD15C3}.Release|x64.Build.0 = Release|x64
	EndGlobalSection
	GlobalSection(SolutionProperties) = preSolution
		HideSolutionNode = FALSE
	EndGlobalSection
	GlobalSection(ExtensibilityGlobals) = postSolution
		SolutionGuid = {005E7464-3EE6-4E26-9F8D-1958F049EDA7}
		{40F859AD-241A-4379-831C-8FB69BE6A8B1} = {B7C949C2-345F-404F-BD38-4F2C0519A5F2}
		{FFDF7EA5-53DA-4DF7-9DD8-E4E7DE2B5AB6} = {B7C949C2-345F-404F-BD38-4F2C0519A5F2}
	EndGlobalSection
EndGlobal
